
Microsoft Visual Studio Solution File, Format Version 12.00
# Visual Studio Version 17
VisualStudioVersion = 17.14.36408.4 d17.14
MinimumVisualStudioVersion = 10.0.40219.1
Project("{8BC9CEB8-8B4A-11D0-8D11-00A0C91BC942}") = "Practica01_Gabriela_Aquino", "Practica01_Gabriela_Aquino\Practica01_Gabriela_Aquino.vcxproj", "{34664EC1-CBC9-4A89-B1B1-B06A699D7D45}"
EndProject
Global
	GlobalSection(SolutionConfigurationPlatforms) = preSolution
		Debug|x64 = Debug|x64
		Debug|x86 = Debug|x86
		Release|x64 = Release|x64
		Release|x86 = Release|x86
	EndGlobalSection
	GlobalSection(ProjectConfigurationPlatforms) = postSolution
		{34664EC1-CBC9-4A89-B1B1-B06A699D7D45}.Debug|x64.ActiveCfg = Debug|x64
		{34664EC1-CBC9-4A89-B1B1-B06A699D7D45}.Debug|x64.Build.0 = Debug|x64
		{34664EC1-CBC9-4A89-B1B1-B06A699D7D45}.Debug|x86.ActiveCfg = Debug|Win32
		{34664EC1-CBC9-4A89-B1B1-B06A699D7D45}.Debug|x86.Build.0 = Debug|Win32
		{34664EC1-CBC9-4A89-B1B1-B06A699D7D45}.Release|x64.ActiveCfg = Release|x64
		{34664EC1-CBC9-4A89-B1B1-B06A699D7D45}.Release|x64.Build.0 = Release|x64
		{34664EC1-CBC9-4A89-B1B1-B06A699D7D45}.Release|x86.ActiveCfg = Release|Win32
		{34664EC1-CBC9-4A89-B1B1-B06A699D7D45}.Release|x86.Build.0 = Release|Win32
	EndGlobalSection
	GlobalSection(SolutionProperties) = preSolution
		HideSolutionNode = FALSE
	EndGlobalSection
	GlobalSection(ExtensibilityGlobals) = postSolution
		SolutionGuid = {447621B8-0401-43BC-9101-DA00878BFEF4}
	EndGlobalSection
EndGlobal
